
Microsoft Visual Studio Solution File, Format Version 12.00
# Visual Studio Version 17
VisualStudioVersion = 17.11.35219.272
MinimumVisualStudioVersion = 10.0.40219.1
Project("{9A19103F-16F7-4668-BE54-9A1E7A4F7556}") = "connect", "connect\connect.csproj", "{052EAC70-869C-4934-A621-0614EB3343A1}"
EndProject
Global
	GlobalSection(SolutionConfigurationPlatforms) = preSolution
		Debug|Any CPU = Debug|Any CPU
		Release|Any CPU = Release|Any CPU
	EndGlobalSection
	GlobalSection(ProjectConfigurationPlatforms) = postSolution
		{052EAC70-869C-4934-A621-0614EB3343A1}.Debug|Any CPU.ActiveCfg = Debug|Any CPU
		{052EAC70-869C-4934-A621-0614EB3343A1}.Debug|Any CPU.Build.0 = Debug|Any CPU
		{052EAC70-869C-4934-A621-0614EB3343A1}.Release|Any CPU.ActiveCfg = Release|Any CPU
		{052EAC70-869C-4934-A621-0614EB3343A1}.Release|Any CPU.Build.0 = Release|Any CPU
	EndGlobalSection
	GlobalSection(SolutionProperties) = preSolution
		HideSolutionNode = FALSE
	EndGlobalSection
	GlobalSection(ExtensibilityGlobals) = postSolution
		SolutionGuid = {88DEBF2A-2B10-408B-A768-79EB32AF3628}
	EndGlobalSection
EndGlobal
